
Microsoft Visual Studio Solution File, Format Version 12.00
# Visual Studio Version 17
VisualStudioVersion = 17.4.33213.308
MinimumVisualStudioVersion = 10.0.40219.1
Project("{8BC9CEB8-8B4A-11D0-8D11-00A0C91BC942}") = "Task01", "Task01\Task01.vcxproj", "{BDB9EB6B-03BC-43BD-9FB1-805DBD640464}"
EndProject
Project("{8BC9CEB8-8B4A-11D0-8D11-00A0C91BC942}") = "Task02", "Task02\Task02.vcxproj", "{D8AABCB4-7413-46E6-86E6-B297EAE69947}"
EndProject
Project("{8BC9CEB8-8B4A-11D0-8D11-00A0C91BC942}") = "Task03", "Task03\Task03.vcxproj", "{EEDFEA2C-5033-4948-A0A1-DF64C1BA86BA}"
EndProject
Global
	GlobalSection(SolutionConfigurationPlatforms) = preSolution
		Debug|x64 = Debug|x64
		Debug|x86 = Debug|x86
		Release|x64 = Release|x64
		Release|x86 = Release|x86
	EndGlobalSection
	GlobalSection(ProjectConfigurationPlatforms) = postSolution
		{BDB9EB6B-03BC-43BD-9FB1-805DBD640464}.Debug|x64.ActiveCfg = Debug|x64
		{BDB9EB6B-03BC-43BD-9FB1-805DBD640464}.Debug|x64.Build.0 = Debug|x64
		{BDB9EB6B-03BC-43BD-9FB1-805DBD640464}.Debug|x86.ActiveCfg = Debug|Win32
		{BDB9EB6B-03BC-43BD-9FB1-805DBD640464}.Debug|x86.Build.0 = Debug|Win32
		{BDB9EB6B-03BC-43BD-9FB1-805DBD640464}.Release|x64.ActiveCfg = Release|x64
		{BDB9EB6B-03BC-43BD-9FB1-805DBD640464}.Release|x64.Build.0 = Release|x64
		{BDB9EB6B-03BC-43BD-9FB1-805DBD640464}.Release|x86.ActiveCfg = Release|Win32
		{BDB9EB6B-03BC-43BD-9FB1-805DBD640464}.Release|x86.Build.0 = Release|Win32
		{D8AABCB4-7413-46E6-86E6-B297EAE69947}.Debug|x64.ActiveCfg = Debug|x64
		{D8AABCB4-7413-46E6-86E6-B297EAE69947}.Debug|x64.Build.0 = Debug|x64
		{D8AABCB4-7413-46E6-86E6-B297EAE69947}.Debug|x86.ActiveCfg = Debug|Win32
		{D8AABCB4-7413-46E6-86E6-B297EAE69947}.Debug|x86.Build.0 = Debug|Win32
		{D8AABCB4-7413-46E6-86E6-B297EAE69947}.Release|x64.ActiveCfg = Release|x64
		{D8AABCB4-7413-46E6-86E6-B297EAE69947}.Release|x64.Build.0 = Release|x64
		{D8AABCB4-7413-46E6-86E6-B297EAE69947}.Release|x86.ActiveCfg = Release|Win32
		{D8AABCB4-7413-46E6-86E6-B297EAE69947}.Release|x86.Build.0 = Release|Win32
		{EEDFEA2C-5033-4948-A0A1-DF64C1BA86BA}.Debug|x64.ActiveCfg = Debug|x64
		{EEDFEA2C-5033-4948-A0A1-DF64C1BA86BA}.Debug|x64.Build.0 = Debug|x64
		{EEDFEA2C-5033-4948-A0A1-DF64C1BA86BA}.Debug|x86.ActiveCfg = Debug|Win32
		{EEDFEA2C-5033-4948-A0A1-DF64C1BA86BA}.Debug|x86.Build.0 = Debug|Win32
		{EEDFEA2C-5033-4948-A0A1-DF64C1BA86BA}.Release|x64.ActiveCfg = Release|x64
		{EEDFEA2C-5033-4948-A0A1-DF64C1BA86BA}.Release|x64.Build.0 = Release|x64
		{EEDFEA2C-5033-4948-A0A1-DF64C1BA86BA}.Release|x86.ActiveCfg = Release|Win32
		{EEDFEA2C-5033-4948-A0A1-DF64C1BA86BA}.Release|x86.Build.0 = Release|Win32
	EndGlobalSection
	GlobalSection(SolutionProperties) = preSolution
		HideSolutionNode = FALSE
	EndGlobalSection
	GlobalSection(ExtensibilityGlobals) = postSolution
		SolutionGuid = {9541E9B5-1332-4AC6-BCA7-26CFEAF9C821}
	EndGlobalSection
EndGlobal
